// !$*UTF8*$!
{
	archiveVersion = 1;
	classes = {
	};
	objectVersion = 46;
	objects = {

/* Begin PBXBuildFile section */
		C27242701B46324300C62B5A /* main.m in Sources */ = {isa = PBXBuildFile; fileRef = C272426F1B46324300C62B5A /* main.m */; };
		C27242731B46324300C62B5A /* AppDelegate.m in Sources */ = {isa = PBXBuildFile; fileRef = C27242721B46324300C62B5A /* AppDelegate.m */; };
		C27242761B46324300C62B5A /* ViewController.m in Sources */ = {isa = PBXBuildFile; fileRef = C27242751B46324300C62B5A /* ViewController.m */; };
		C27242791B46324300C62B5A /* Main.storyboard in Resources */ = {isa = PBXBuildFile; fileRef = C27242771B46324300C62B5A /* Main.storyboard */; };
		C272427B1B46324300C62B5A /* Images.xcassets in Resources */ = {isa = PBXBuildFile; fileRef = C272427A1B46324300C62B5A /* Images.xcassets */; };
		C272427E1B46324300C62B5A /* LaunchScreen.xib in Resources */ = {isa = PBXBuildFile; fileRef = C272427C1B46324300C62B5A /* LaunchScreen.xib */; };
		C272428A1B46324300C62B5A /* ExampleTests.m in Sources */ = {isa = PBXBuildFile; fileRef = C27242891B46324300C62B5A /* ExampleTests.m */; };
		C27242961B46328B00C62B5A /* ModalView.m in Sources */ = {isa = PBXBuildFile; fileRef = C27242951B46328B00C62B5A /* ModalView.m */; };
/* End PBXBuildFile section */

/* Begin PBXContainerItemProxy section */
		C27242841B46324300C62B5A /* PBXContainerItemProxy */ = {
			isa = PBXContainerItemProxy;
			containerPortal = C27242621B46324300C62B5A /* Project object */;
			proxyType = 1;
			remoteGlobalIDString = C27242691B46324300C62B5A;
			remoteInfo = Example;
		};
/* End PBXContainerItemProxy section */

/* Begin PBXFileReference section */
		C272426A1B46324300C62B5A /* Example.app */ = {isa = PBXFileReference; explicitFileType = wrapper.application; includeInIndex = 0; path = Example.app; sourceTree = BUILT_PRODUCTS_DIR; };
		C272426E1B46324300C62B5A /* Info.plist */ = {isa = PBXFileReference; lastKnownFileType = text.plist.xml; path = Info.plist; sourceTree = "<group>"; };
		C272426F1B46324300C62B5A /* main.m */ = {isa = PBXFileReference; lastKnownFileType = sourcecode.c.objc; path = main.m; sourceTree = "<group>"; };
		C27242711B46324300C62B5A /* AppDelegate.h */ = {isa = PBXFileReference; lastKnownFileType = sourcecode.c.h; path = AppDelegate.h; sourceTree = "<group>"; };
		C27242721B46324300C62B5A /* AppDelegate.m */ = {isa = PBXFileReference; lastKnownFileType = sourcecode.c.objc; path = AppDelegate.m; sourceTree = "<group>"; };
		C27242741B46324300C62B5A /* ViewController.h */ = {isa = PBXFileReference; lastKnownFileType = sourcecode.c.h; path = ViewController.h; sourceTree = "<group>"; };
		C27242751B46324300C62B5A /* ViewController.m */ = {isa = PBXFileReference; lastKnownFileType = sourcecode.c.objc; path = ViewController.m; sourceTree = "<group>"; };
		C27242781B46324300C62B5A /* Base */ = {isa = PBXFileReference; lastKnownFileType = file.storyboard; name = Base; path = Base.lproj/Main.storyboard; sourceTree = "<group>"; };
		C272427A1B46324300C62B5A /* Images.xcassets */ = {isa = PBXFileReference; lastKnownFileType = folder.assetcatalog; path = Images.xcassets; sourceTree = "<group>"; };
		C272427D1B46324300C62B5A /* Base */ = {isa = PBXFileReference; lastKnownFileType = file.xib; name = Base; path = Base.lproj/LaunchScreen.xib; sourceTree = "<group>"; };
		C27242831B46324300C62B5A /* ExampleTests.xctest */ = {isa = PBXFileReference; explicitFileType = wrapper.cfbundle; includeInIndex = 0; path = ExampleTests.xctest; sourceTree = BUILT_PRODUCTS_DIR; };
		C27242881B46324300C62B5A /* Info.plist */ = {isa = PBXFileReference; lastKnownFileType = text.plist.xml; path = Info.plist; sourceTree = "<group>"; };
		C27242891B46324300C62B5A /* ExampleTests.m */ = {isa = PBXFileReference; lastKnownFileType = sourcecode.c.objc; path = ExampleTests.m; sourceTree = "<group>"; };
		C27242941B46328B00C62B5A /* ModalView.h */ = {isa = PBXFileReference; fileEncoding = 4; lastKnownFileType = sourcecode.c.h; path = ModalView.h; sourceTree = "<group>"; };
		C27242951B46328B00C62B5A /* ModalView.m */ = {isa = PBXFileReference; fileEncoding = 4; lastKnownFileType = sourcecode.c.objc; path = ModalView.m; sourceTree = "<group>"; };
/* End PBXFileReference section */

/* Begin PBXFrameworksBuildPhase section */
		C27242671B46324300C62B5A /* Frameworks */ = {
			isa = PBXFrameworksBuildPhase;
			buildActionMask = 2147483647;
			files = (
			);
			runOnlyForDeploymentPostprocessing = 0;
		};
		C27242801B46324300C62B5A /* Frameworks */ = {
			isa = PBXFrameworksBuildPhase;
			buildActionMask = 2147483647;
			files = (
			);
			runOnlyForDeploymentPostprocessing = 0;
		};
/* End PBXFrameworksBuildPhase section */

/* Begin PBXGroup section */
		C27242611B46324300C62B5A = {
			isa = PBXGroup;
			children = (
				C272426C1B46324300C62B5A /* Example */,
				C27242861B46324300C62B5A /* ExampleTests */,
				C272426B1B46324300C62B5A /* Products */,
			);
			sourceTree = "<group>";
		};
		C272426B1B46324300C62B5A /* Products */ = {
			isa = PBXGroup;
			children = (
				C272426A1B46324300C62B5A /* Example.app */,
				C27242831B46324300C62B5A /* ExampleTests.xctest */,
			);
			name = Products;
			sourceTree = "<group>";
		};
		C272426C1B46324300C62B5A /* Example */ = {
			isa = PBXGroup;
			children = (
				C27242931B46328B00C62B5A /* ModalView */,
				C27242711B46324300C62B5A /* AppDelegate.h */,
				C27242721B46324300C62B5A /* AppDelegate.m */,
				C27242741B46324300C62B5A /* ViewController.h */,
				C27242751B46324300C62B5A /* ViewController.m */,
				C27242771B46324300C62B5A /* Main.storyboard */,
				C272427A1B46324300C62B5A /* Images.xcassets */,
				C272427C1B46324300C62B5A /* LaunchScreen.xib */,
				C272426D1B46324300C62B5A /* Supporting Files */,
			);
			path = Example;
			sourceTree = "<group>";
		};
		C272426D1B46324300C62B5A /* Supporting Files */ = {
			isa = PBXGroup;
			children = (
				C272426E1B46324300C62B5A /* Info.plist */,
				C272426F1B46324300C62B5A /* main.m */,
			);
			name = "Supporting Files";
			sourceTree = "<group>";
		};
		C27242861B46324300C62B5A /* ExampleTests */ = {
			isa = PBXGroup;
			children = (
				C27242891B46324300C62B5A /* ExampleTests.m */,
				C27242871B46324300C62B5A /* Supporting Files */,
			);
			path = ExampleTests;
			sourceTree = "<group>";
		};
		C27242871B46324300C62B5A /* Supporting Files */ = {
			isa = PBXGroup;
			children = (
				C27242881B46324300C62B5A /* Info.plist */,
			);
			name = "Supporting Files";
			sourceTree = "<group>";
		};
		C27242931B46328B00C62B5A /* ModalView */ = {
			isa = PBXGroup;
			children = (
				C27242941B46328B00C62B5A /* ModalView.h */,
				C27242951B46328B00C62B5A /* ModalView.m */,
			);
			name = ModalView;
			path = ../../ModalView;
			sourceTree = "<group>";
		};
/* End PBXGroup section */

/* Begin PBXNativeTarget section */
		C27242691B46324300C62B5A /* Example */ = {
			isa = PBXNativeTarget;
			buildConfigurationList = C272428D1B46324300C62B5A /* Build configuration list for PBXNativeTarget "Example" */;
			buildPhases = (
				C27242661B46324300C62B5A /* Sources */,
				C27242671B46324300C62B5A /* Frameworks */,
				C27242681B46324300C62B5A /* Resources */,
			);
			buildRules = (
			);
			dependencies = (
			);
			name = Example;
			productName = Example;
			productReference = C272426A1B46324300C62B5A /* Example.app */;
			productType = "com.apple.product-type.application";
		};
		C27242821B46324300C62B5A /* ExampleTests */ = {
			isa = PBXNativeTarget;
			buildConfigurationList = C27242901B46324300C62B5A /* Build configuration list for PBXNativeTarget "ExampleTests" */;
			buildPhases = (
				C272427F1B46324300C62B5A /* Sources */,
				C27242801B46324300C62B5A /* Frameworks */,
				C27242811B46324300C62B5A /* Resources */,
			);
			buildRules = (
			);
			dependencies = (
				C27242851B46324300C62B5A /* PBXTargetDependency */,
			);
			name = ExampleTests;
			productName = ExampleTests;
			productReference = C27242831B46324300C62B5A /* ExampleTests.xctest */;
			productType = "com.apple.product-type.bundle.unit-test";
		};
/* End PBXNativeTarget section */

/* Begin PBXProject section */
		C27242621B46324300C62B5A /* Project object */ = {
			isa = PBXProject;
			attributes = {
				LastUpgradeCheck = 0640;
				ORGANIZATIONNAME = "陈荣雄";
				TargetAttributes = {
					C27242691B46324300C62B5A = {
						CreatedOnToolsVersion = 6.4;
					};
					C27242821B46324300C62B5A = {
						CreatedOnToolsVersion = 6.4;
						TestTargetID = C27242691B46324300C62B5A;
					};
				};
			};
			buildConfigurationList = C27242651B46324300C62B5A /* Build configuration list for PBXProject "Example" */;
			compatibilityVersion = "Xcode 3.2";
			developmentRegion = English;
			hasScannedForEncodings = 0;
			knownRegions = (
				en,
				Base,
			);
			mainGroup = C27242611B46324300C62B5A;
			productRefGroup = C272426B1B46324300C62B5A /* Products */;
			projectDirPath = "";
			projectRoot = "";
			targets = (
				C27242691B46324300C62B5A /* Example */,
				C27242821B46324300C62B5A /* ExampleTests */,
			);
		};
/* End PBXProject section */

/* Begin PBXResourcesBuildPhase section */
		C27242681B46324300C62B5A /* Resources */ = {
			isa = PBXResourcesBuildPhase;
			buildActionMask = 2147483647;
			files = (
				C27242791B46324300C62B5A /* Main.storyboard in Resources */,
				C272427E1B46324300C62B5A /* LaunchScreen.xib in Resources */,
				C272427B1B46324300C62B5A /* Images.xcassets in Resources */,
			);
			runOnlyForDeploymentPostprocessing = 0;
		};
		C27242811B46324300C62B5A /* Resources */ = {
			isa = PBXResourcesBuildPhase;
			buildActionMask = 2147483647;
			files = (
			);
			runOnlyForDeploymentPostprocessing = 0;
		};
/* End PBXResourcesBuildPhase section */

/* Begin PBXSourcesBuildPhase section */
		C27242661B46324300C62B5A /* Sources */ = {
			isa = PBXSourcesBuildPhase;
			buildActionMask = 2147483647;
			files = (
				C27242761B46324300C62B5A /* ViewController.m in Sources */,
				C27242731B46324300C62B5A /* AppDelegate.m in Sources */,
				C27242961B46328B00C62B5A /* ModalView.m in Sources */,
				C27242701B46324300C62B5A /* main.m in Sources */,
			);
			runOnlyForDeploymentPostprocessing = 0;
		};
		C272427F1B46324300C62B5A /* Sources */ = {
			isa = PBXSourcesBuildPhase;
			buildActionMask = 2147483647;
			files = (
				C272428A1B46324300C62B5A /* ExampleTests.m in Sources */,
			);
			runOnlyForDeploymentPostprocessing = 0;
		};
/* End PBXSourcesBuildPhase section */

/* Begin PBXTargetDependency section */
		C27242851B46324300C62B5A /* PBXTargetDependency */ = {
			isa = PBXTargetDependency;
			target = C27242691B46324300C62B5A /* Example */;
			targetProxy = C27242841B46324300C62B5A /* PBXContainerItemProxy */;
		};
/* End PBXTargetDependency section */

/* Begin PBXVariantGroup section */
		C27242771B46324300C62B5A /* Main.storyboard */ = {
			isa = PBXVariantGroup;
			children = (
				C27242781B46324300C62B5A /* Base */,
			);
			name = Main.storyboard;
			sourceTree = "<group>";
		};
		C272427C1B46324300C62B5A /* LaunchScreen.xib */ = {
			isa = PBXVariantGroup;
			children = (
				C272427D1B46324300C62B5A /* Base */,
			);
			name = LaunchScreen.xib;
			sourceTree = "<group>";
		};
/* End PBXVariantGroup section */

/* Begin XCBuildConfiguration section */
		C272428B1B46324300C62B5A /* Debug */ = {
			isa = XCBuildConfiguration;
			buildSettings = {
				ALWAYS_SEARCH_USER_PATHS = NO;
				CLANG_CXX_LANGUAGE_STANDARD = "gnu++0x";
				CLANG_CXX_LIBRARY = "libc++";
				CLANG_ENABLE_MODULES = YES;
				CLANG_ENABLE_OBJC_ARC = YES;
				CLANG_WARN_BOOL_CONVERSION = YES;
				CLANG_WARN_CONSTANT_CONVERSION = YES;
				CLANG_WARN_DIRECT_OBJC_ISA_USAGE = YES_ERROR;
				CLANG_WARN_EMPTY_BODY = YES;
				CLANG_WARN_ENUM_CONVERSION = YES;
				CLANG_WARN_INT_CONVERSION = YES;
				CLANG_WARN_OBJC_ROOT_CLASS = YES_ERROR;
				CLANG_WARN_UNREACHABLE_CODE = YES;
				CLANG_WARN__DUPLICATE_METHOD_MATCH = YES;
				"CODE_SIGN_IDENTITY[sdk=iphoneos*]" = "iPhone Developer";
				COPY_PHASE_STRIP = NO;
				DEBUG_INFORMATION_FORMAT = "dwarf-with-dsym";
				ENABLE_STRICT_OBJC_MSGSEND = YES;
				GCC_C_LANGUAGE_STANDARD = gnu99;
				GCC_DYNAMIC_NO_PIC = NO;
				GCC_NO_COMMON_BLOCKS = YES;
				GCC_OPTIMIZATION_LEVEL = 0;
				GCC_PREPROCESSOR_DEFINITIONS = (
					"DEBUG=1",
					"$(inherited)",
				);
				GCC_SYMBOLS_PRIVATE_EXTERN = NO;
				GCC_WARN_64_TO_32_BIT_CONVERSION = YES;
				GCC_WARN_ABOUT_RETURN_TYPE = YES_ERROR;
				GCC_WARN_UNDECLARED_SELECTOR = YES;
				GCC_WARN_UNINITIALIZED_AUTOS = YES_AGGRESSIVE;
				GCC_WARN_UNUSED_FUNCTION = YES;
				GCC_WARN_UNUSED_VARIABLE = YES;
				IPHONEOS_DEPLOYMENT_TARGET = 8.4;
				MTL_ENABLE_DEBUG_INFO = YES;
				ONLY_ACTIVE_ARCH = YES;
				SDKROOT = iphoneos;
			};
			name = Debug;
		};
		C272428C1B46324300C62B5A /* Release */ = {
			isa = XCBuildConfiguration;
			buildSettings = {
				ALWAYS_SEARCH_USER_PATHS = NO;
				CLANG_CXX_LANGUAGE_STANDARD = "gnu++0x";
				CLANG_CXX_LIBRARY = "libc++";
				CLANG_ENABLE_MODULES = YES;
				CLANG_ENABLE_OBJC_ARC = YES;
				CLANG_WARN_BOOL_CONVERSION = YES;
				CLANG_WARN_CONSTANT_CONVERSION = YES;
				CLANG_WARN_DIRECT_OBJC_ISA_USAGE = YES_ERROR;
				CLANG_WARN_EMPTY_BODY = YES;
				CLANG_WARN_ENUM_CONVERSION = YES;
				CLANG_WARN_INT_CONVERSION = YES;
				CLANG_WARN_OBJC_ROOT_CLASS = YES_ERROR;
				CLANG_WARN_UNREACHABLE_CODE = YES;
				CLANG_WARN__DUPLICATE_METHOD_MATCH = YES;
				"CODE_SIGN_IDENTITY[sdk=iphoneos*]" = "iPhone Developer";
				COPY_PHASE_STRIP = NO;
				DEBUG_INFORMATION_FORMAT = "dwarf-with-dsym";
				ENABLE_NS_ASSERTIONS = NO;
				ENABLE_STRICT_OBJC_MSGSEND = YES;
				GCC_C_LANGUAGE_STANDARD = gnu99;
				GCC_NO_COMMON_BLOCKS = YES;
				GCC_WARN_64_TO_32_BIT_CONVERSION = YES;
				GCC_WARN_ABOUT_RETURN_TYPE = YES_ERROR;
				GCC_WARN_UNDECLARED_SELECTOR = YES;
				GCC_WARN_UNINITIALIZED_AUTOS = YES_AGGRESSIVE;
				GCC_WARN_UNUSED_FUNCTION = YES;
				GCC_WARN_UNUSED_VARIABLE = YES;
				IPHONEOS_DEPLOYMENT_TARGET = 8.4;
				MTL_ENABLE_DEBUG_INFO = NO;
				SDKROOT = iphoneos;
				VALIDATE_PRODUCT = YES;
			};
			name = Release;
		};
		C272428E1B46324300C62B5A /* Debug */ = {
			isa = XCBuildConfiguration;
			buildSettings = {
				ASSETCATALOG_COMPILER_APPICON_NAME = AppIcon;
				INFOPLIST_FILE = Example/Info.plist;
				LD_RUNPATH_SEARCH_PATHS = "$(inherited) @executable_path/Frameworks";
				PRODUCT_NAME = "$(TARGET_NAME)";
			};
			name = Debug;
		};
		C272428F1B46324300C62B5A /* Release */ = {
			isa = XCBuildConfiguration;
			buildSettings = {
				ASSETCATALOG_COMPILER_APPICON_NAME = AppIcon;
				INFOPLIST_FILE = Example/Info.plist;
				LD_RUNPATH_SEARCH_PATHS = "$(inherited) @executable_path/Frameworks";
				PRODUCT_NAME = "$(TARGET_NAME)";
			};
			name = Release;
		};
		C27242911B46324300C62B5A /* Debug */ = {
			isa = XCBuildConfiguration;
			buildSettings = {
				BUNDLE_LOADER = "$(TEST_HOST)";
				FRAMEWORK_SEARCH_PATHS = (
					"$(SDKROOT)/Developer/Library/Frameworks",
					"$(inherited)",
				);
				GCC_PREPROCESSOR_DEFINITIONS = (
					"DEBUG=1",
					"$(inherited)",
				);
				INFOPLIST_FILE = ExampleTests/Info.plist;
				LD_RUNPATH_SEARCH_PATHS = "$(inherited) @executable_path/Frameworks @loader_path/Frameworks";
				PRODUCT_NAME = "$(TARGET_NAME)";
				TEST_HOST = "$(BUILT_PRODUCTS_DIR)/Example.app/Example";
			};
			name = Debug;
		};
		C27242921B46324300C62B5A /* Release */ = {
			isa = XCBuildConfiguration;
			buildSettings = {
				BUNDLE_LOADER = "$(TEST_HOST)";
				FRAMEWORK_SEARCH_PATHS = (
					"$(SDKROOT)/Developer/Library/Frameworks",
					"$(inherited)",
				);
				INFOPLIST_FILE = ExampleTests/Info.plist;
				LD_RUNPATH_SEARCH_PATHS = "$(inherited) @executable_path/Frameworks @loader_path/Frameworks";
				PRODUCT_NAME = "$(TARGET_NAME)";
				TEST_HOST = "$(BUILT_PRODUCTS_DIR)/Example.app/Example";
			};
			name = Release;
		};
/* End XCBuildConfiguration section */

/* Begin XCConfigurationList section */
		C27242651B46324300C62B5A /* Build configuration list for PBXProject "Example" */ = {
			isa = XCConfigurationList;
			buildConfigurations = (
				C272428B1B46324300C62B5A /* Debug */,
				C272428C1B46324300C62B5A /* Release */,
			);
			defaultConfigurationIsVisible = 0;
			defaultConfigurationName = Release;
		};
		C272428D1B46324300C62B5A /* Build configuration list for PBXNativeTarget "Example" */ = {
			isa = XCConfigurationList;
			buildConfigurations = (
				C272428E1B46324300C62B5A /* Debug */,
				C272428F1B46324300C62B5A /* Release */,
			);
			defaultConfigurationIsVisible = 0;
			defaultConfigurationName = Release;
		};
		C27242901B46324300C62B5A /* Build configuration list for PBXNativeTarget "ExampleTests" */ = {
			isa = XCConfigurationList;
			buildConfigurations = (
				C27242911B46324300C62B5A /* Debug */,
				C27242921B46324300C62B5A /* Release */,
			);
			defaultConfigurationIsVisible = 0;
			defaultConfigurationName = Release;
		};
/* End XCConfigurationList section */
	};
	rootObject = C27242621B46324300C62B5A /* Project object */;
}
